<?xml version="1.0" encoding="utf-8"?>
<Project ToolsVersion="4.0" xmlns="http://schemas.microsoft.com/developer/msbuild/2003">
  <ItemGroup>
    <Filter Include="Source Files">
      <UniqueIdentifier>{4FC737F1-C7A5-4376-A066-2A32D752A2FF}</UniqueIdentifier>
      <Extensions>cpp;c;cc;cxx;c++;cppm;ixx;def;odl;idl;hpj;bat;asm;asmx</Extensions>
    </Filter>
    <Filter Include="Header Files">
      <UniqueIdentifier>{93995380-89BD-4b04-88EB-625FBE52EBFB}</UniqueIdentifier>
      <Extensions>h;hh;hpp;hxx;h++;hm;inl;inc;ipp;xsd</Extensions>
    </Filter>
    <Filter Include="Resource Files">
      <UniqueIdentifier>{67DA6AB6-F800-4c08-8B7A-83BB121AAD01}</UniqueIdentifier>
      <Extensions>rc;ico;cur;bmp;dlg;rc2;rct;bin;rgs;gif;jpg;jpeg;jpe;resx;tiff;tif;png;wav;mfcribbon-ms</Extensions>
    </Filter>
    <Filter Include="External">
      <UniqueIdentifier>{7697d27e-b590-47a7-97a1-94073b9feed3}</UniqueIdentifier>
    </Filter>
  </ItemGroup>
  <ItemGroup>
    <ClCompile Include="main.cpp">
      <Filter>Source Files</Filter>
    </ClCompile>
    <ClCompile Include="Character.cpp">
      <Filter>Source Files</Filter>
    </ClCompile>
    <ClCompile Include="Prop.cpp">
      <Filter>Source Files</Filter>
    </ClCompile>
    <ClCompile Include="Enemy.cpp">
      <Filter>Source Files</Filter>
    </ClCompile>
    <ClCompile Include="BaseCharacter.cpp">
      <Filter>Source Files</Filter>
    </ClCompile>
    <ClCompile Include="CutsceneManager.cpp">
      <Filter>Source Files</Filter>
    </ClCompile>
    <ClCompile Include="DialogueBox.cpp">
      <Filter>Source Files</Filter>
    </ClCompile>
    <ClCompile Include="NineSliceEditor.cpp">
      <Filter>Source Files</Filter>
    </ClCompile>
    <ClCompile Include="Engine.cpp">
      <Filter>Source Files</Filter>
    </ClCompile>
    <ClCompile Include="MainMenu.cpp">
      <Filter>Source Files</Filter>
    </ClCompile>
    <ClCompile Include="PauseAndGameOver.cpp">
      <Filter>Source Files</Filter>
    </ClCompile>
    <ClCompile Include="Game.cpp">
      <Filter>Source Files</Filter>
    </ClCompile>
    <ClCompile Include="HealPickup.cpp">
      <Filter>Source Files</Filter>
    </ClCompile>
    <ClCompile Include="LavaBallProjectile.cpp">
      <Filter>Source Files</Filter>
    </ClCompile>
    <ClCompile Include="Molarbeast.cpp">
      <Filter>Source Files</Filter>
    </ClCompile>
    <ClCompile Include="Ogre.cpp">
      <Filter>Source Files</Filter>
    </ClCompile>
    <ClCompile Include="MetaProgression.cpp">
      <Filter>Source Files</Filter>
    </ClCompile>
    <ClCompile Include="Relic.cpp">
      <Filter>Source Files</Filter>
    </ClCompile>
    <ClCompile Include="PlayerClass.cpp">
      <Filter>Source Files</Filter>
    </ClCompile>
    <ClCompile Include="CharacterTuning.cpp">
      <Filter>Source Files</Filter>
    </ClCompile>
    <ClCompile Include="CharacterAnimator.cpp">
      <Filter>Source Files</Filter>
    </ClCompile>
    <ClCompile Include="AttackEditor.cpp">
      <Filter>Source Files</Filter>
    </ClCompile>
    <ClCompile Include="AttackTuning.cpp">
      <Filter>Source Files</Filter>
    </ClCompile>
    <ClCompile Include="CellPickup.cpp">
      <Filter>Source Files</Filter>
    </ClCompile>
    <ClCompile Include="EnemyProjectile.cpp">
      <Filter>Source Files</Filter>
    </ClCompile>
    <ClCompile Include="SkeletonArcher.cpp">
      <Filter>Source Files</Filter>
    </ClCompile>
    <ClCompile Include="FlameWisp.cpp">
      <Filter>Source Files</Filter>
    </ClCompile>
    <ClCompile Include="SlimeEnemy.cpp">
      <Filter>Source Files</Filter>
    </ClCompile>
    <ClCompile Include="AbyssSlime.cpp">
      <Filter>Source Files</Filter>
    </ClCompile>
    <ClCompile Include="PumpkinJack.cpp">
      <Filter>Source Files</Filter>
    </ClCompile>
    <ClCompile Include="Minotaur.cpp">
      <Filter>Source Files</Filter>
    </ClCompile>
    <ClCompile Include="Sporeling.cpp">
      <Filter>Source Files</Filter>
    </ClCompile>
    <ClCompile Include="Shieldbearer.cpp">
      <Filter>Source Files</Filter>
    </ClCompile>
    <ClCompile Include="Phantom.cpp">
      <Filter>Source Files</Filter>
    </ClCompile>
    <ClCompile Include="BomberImp.cpp">
      <Filter>Source Files</Filter>
    </ClCompile>
    <ClCompile Include="Warchief.cpp">
      <Filter>Source Files</Filter>
    </ClCompile>
    <ClCompile Include="LivingBlade.cpp">
      <Filter>Source Files</Filter>
    </ClCompile>
    <ClCompile Include="Werewolf.cpp">
      <Filter>Source Files</Filter>
    </ClCompile>
    <ClCompile Include="ChompBug.cpp">
      <Filter>Source Files</Filter>
    </ClCompile>
    <ClCompile Include="Osiris.cpp">
      <Filter>Source Files</Filter>
    </ClCompile>
    <ClCompile Include="TitanGuard.cpp">
      <Filter>Source Files</Filter>
    </ClCompile>
    <ClCompile Include="ToxicVermin.cpp">
      <Filter>Source Files</Filter>
    </ClCompile>
    <ClCompile Include="AncientBear.cpp">
      <Filter>Source Files</Filter>
    </ClCompile>
    <ClCompile Include="PlayerPreview.cpp">
      <Filter>Source Files</Filter>
    </ClCompile>
    <ClCompile Include="RoomHazardDirector.cpp">
      <Filter>Source Files</Filter>
    </ClCompile>
    <ClCompile Include="SfxBank.cpp">
      <Filter>Source Files</Filter>
    </ClCompile>
    <ClCompile Include="Cyclops.cpp">
      <Filter>Source Files</Filter>
    </ClCompile>
    <ClCompile Include="CyclopsLaserProjectile.cpp">
      <Filter>Source Files</Filter>
    </ClCompile>
    <ClCompile Include="Leaderboard.cpp">
      <Filter>Source Files</Filter>
    </ClCompile>
    <ClCompile Include="SpreadProjectile.cpp">
      <Filter>Source Files</Filter>
    </ClCompile>
    <ClCompile Include="NavigationGrid.cpp">
      <Filter>Source Files</Filter>
    </ClCompile>
    <ClCompile Include="RoomBlueprint.cpp">
      <Filter>Source Files</Filter>
    </ClCompile>
    <ClCompile Include="RoomCapacity.cpp">
      <Filter>Source Files</Filter>
    </ClCompile>
    <ClCompile Include="EliteSignature.cpp">
      <Filter>Source Files</Filter>
    </ClCompile>
    <ClCompile Include="EncounterPattern.cpp">
      <Filter>Source Files</Filter>
    </ClCompile>
    <ClCompile Include="RoomLibrary.cpp">
      <Filter>Source Files</Filter>
    </ClCompile>
    <ClCompile Include="RoomAssetCatalog.cpp">
      <Filter>Source Files</Filter>
    </ClCompile>
    <ClCompile Include="RoomEditor.cpp">
      <Filter>Source Files</Filter>
    </ClCompile>
    <ClCompile Include="RoomCollision.cpp">
      <Filter>Source Files</Filter>
    </ClCompile>
    <ClCompile Include="VFXManager.cpp">
      <Filter>Source Files</Filter>
    </ClCompile>
    <ClCompile Include="DamageNumberManager.cpp">
      <Filter>Source Files</Filter>
    </ClCompile>
    <ClCompile Include="EncounterPlanner.cpp">
      <Filter>Source Files</Filter>
    </ClCompile>
    <ClCompile Include="GoldPickup.cpp">
      <Filter>Source Files</Filter>
    </ClCompile>
    <ClCompile Include="ShopManager.cpp">
      <Filter>Source Files</Filter>
    </ClCompile>
    <ClCompile Include="TouchControls.cpp">
      <Filter>Source Files</Filter>
    </ClCompile>
    <ClCompile Include="DebugPanel.cpp">
      <Filter>Source Files</Filter>
    </ClCompile>
    <ClCompile Include="WorldConfig.cpp">
      <Filter>Source Files</Filter>
    </ClCompile>
    <ClCompile Include="AudioManager.cpp">
      <Filter>Source Files</Filter>
    </ClCompile>
    <ClCompile Include="CombatDirector.cpp">
      <Filter>Source Files</Filter>
    </ClCompile>
    <ClCompile Include="CombatEngagement.cpp">
      <Filter>Source Files</Filter>
    </ClCompile>
    <ClCompile Include="ReinforcementPacing.cpp">
      <Filter>Source Files</Filter>
    </ClCompile>
    <ClCompile Include="CombatSeparation.cpp">
      <Filter>Source Files</Filter>
    </ClCompile>
    <ClCompile Include="MapDirector.cpp">
      <Filter>Source Files</Filter>
    </ClCompile>
    <ClCompile Include="WorldMapManager.cpp">
      <Filter>Source Files</Filter>
    </ClCompile>
    <ClCompile Include="SettingsManager.cpp">
      <Filter>Source Files</Filter>
    </ClCompile>
    <ClCompile Include="HUDRenderer.cpp">
      <Filter>Source Files</Filter>
    </ClCompile>
    <ClCompile Include="OverlayRenderer.cpp">
      <Filter>Source Files</Filter>
    </ClCompile>
    <ClCompile Include="ProjectileSystem.cpp">
      <Filter>Source Files</Filter>
    </ClCompile>
    <ClCompile Include="RoomDirector.cpp">
      <Filter>Source Files</Filter>
    </ClCompile>
    <ClCompile Include="RunStateController.cpp">
      <Filter>Source Files</Filter>
    </ClCompile>
    <ClCompile Include="RunSession.cpp">
      <Filter>Source Files</Filter>
    </ClCompile>
    <ClCompile Include="ClassUnlockRules.cpp">
      <Filter>Source Files</Filter>
    </ClCompile>
    <ClCompile Include="VillageLayoutData.cpp">
      <Filter>Source Files</Filter>
    </ClCompile>
    <ClCompile Include="PrologueController.cpp">
      <Filter>Source Files</Filter>
    </ClCompile>
  </ItemGroup>
  <ItemGroup>
    <ClInclude Include="Character.h">
      <Filter>Header Files</Filter>
    </ClInclude>
    <ClInclude Include="Prop.h">
      <Filter>Header Files</Filter>
    </ClInclude>
    <ClInclude Include="Enemy.h">
      <Filter>Header Files</Filter>
    </ClInclude>
    <ClInclude Include="BaseCharacter.h">
      <Filter>Header Files</Filter>
    </ClInclude>
    <ClInclude Include="Engine.h">
      <Filter>Header Files</Filter>
    </ClInclude>
    <ClInclude Include="MainMenu.h">
      <Filter>Header Files</Filter>
    </ClInclude>
    <ClInclude Include="Ogre.h">
      <Filter>Header Files</Filter>
    </ClInclude>
    <ClInclude Include="PauseAndGameOver.h">
      <Filter>Header Files</Filter>
    </ClInclude>
    <ClInclude Include="Game.h">
      <Filter>Header Files</Filter>
    </ClInclude>
    <ClInclude Include="GameBalance.h">
      <Filter>Header Files</Filter>
    </ClInclude>
    <ClInclude Include="HealPickup.h">
      <Filter>Header Files</Filter>
    </ClInclude>
    <ClInclude Include="LavaBallProjectile.h">
      <Filter>Header Files</Filter>
    </ClInclude>
    <ClInclude Include="Pickup.h">
      <Filter>Header Files</Filter>
    </ClInclude>
    <ClInclude Include="Molarbeast.h">
      <Filter>Header Files</Filter>
    </ClInclude>
    <ClInclude Include="Ascension.h">
      <Filter>Header Files</Filter>
    </ClInclude>
    <ClInclude Include="RoomAffix.h">
      <Filter>Header Files</Filter>
    </ClInclude>
    <ClInclude Include="MetaProgression.h">
      <Filter>Header Files</Filter>
    </ClInclude>
    <ClInclude Include="Relic.h">
      <Filter>Header Files</Filter>
    </ClInclude>
    <ClInclude Include="PlayerClass.h">
      <Filter>Header Files</Filter>
    </ClInclude>
    <ClInclude Include="CharacterTuning.h">
      <Filter>Header Files</Filter>
    </ClInclude>
    <ClInclude Include="CharacterAnimator.h">
      <Filter>Header Files</Filter>
    </ClInclude>
    <ClInclude Include="AttackEditor.h">
      <Filter>Header Files</Filter>
    </ClInclude>
    <ClInclude Include="AttackTuning.h">
      <Filter>Header Files</Filter>
    </ClInclude>
    <ClInclude Include="CellPickup.h">
      <Filter>Header Files</Filter>
    </ClInclude>
    <ClInclude Include="EnemyProjectile.h">
      <Filter>Header Files</Filter>
    </ClInclude>
    <ClInclude Include="SkeletonArcher.h">
      <Filter>Header Files</Filter>
    </ClInclude>
    <ClInclude Include="FlameWisp.h">
      <Filter>Header Files</Filter>
    </ClInclude>
    <ClInclude Include="SlimeEnemy.h">
      <Filter>Header Files</Filter>
    </ClInclude>
    <ClInclude Include="AbyssSlime.h">
      <Filter>Header Files</Filter>
    </ClInclude>
    <ClInclude Include="PumpkinJack.h">
      <Filter>Header Files</Filter>
    </ClInclude>
    <ClInclude Include="Minotaur.h">
      <Filter>Header Files</Filter>
    </ClInclude>
    <ClInclude Include="Sporeling.h">
      <Filter>Header Files</Filter>
    </ClInclude>
    <ClInclude Include="Shieldbearer.h">
      <Filter>Header Files</Filter>
    </ClInclude>
    <ClInclude Include="Phantom.h">
      <Filter>Header Files</Filter>
    </ClInclude>
    <ClInclude Include="BomberImp.h">
      <Filter>Header Files</Filter>
    </ClInclude>
    <ClInclude Include="Warchief.h">
      <Filter>Header Files</Filter>
    </ClInclude>
    <ClInclude Include="LivingBlade.h">
      <Filter>Header Files</Filter>
    </ClInclude>
    <ClInclude Include="Werewolf.h">
      <Filter>Header Files</Filter>
    </ClInclude>
    <ClInclude Include="ChompBug.h">
      <Filter>Header Files</Filter>
    </ClInclude>
    <ClInclude Include="Osiris.h">
      <Filter>Header Files</Filter>
    </ClInclude>
    <ClInclude Include="TitanGuard.h">
      <Filter>Header Files</Filter>
    </ClInclude>
    <ClInclude Include="ToxicVermin.h">
      <Filter>Header Files</Filter>
    </ClInclude>
    <ClInclude Include="AncientBear.h">
      <Filter>Header Files</Filter>
    </ClInclude>
    <ClInclude Include="PlayerPreview.h">
      <Filter>Header Files</Filter>
    </ClInclude>
    <ClInclude Include="RoomHazardDirector.h">
      <Filter>Header Files</Filter>
    </ClInclude>
    <ClInclude Include="SfxBank.h">
      <Filter>Header Files</Filter>
    </ClInclude>
    <ClInclude Include="AnimationUtils.h">
      <Filter>Header Files</Filter>
    </ClInclude>
    <ClInclude Include="Cyclops.h">
      <Filter>Header Files</Filter>
    </ClInclude>
    <ClInclude Include="CyclopsLaserProjectile.h">
      <Filter>Header Files</Filter>
    </ClInclude>
    <ClInclude Include="AssetPaths.h">
      <Filter>Header Files</Filter>
    </ClInclude>
    <ClInclude Include="Leaderboard.h">
      <Filter>Header Files</Filter>
    </ClInclude>
    <ClInclude Include="KeyBindings.h">
      <Filter>Header Files</Filter>
    </ClInclude>
    <ClInclude Include="NineSlice.h">
      <Filter>Header Files</Filter>
    </ClInclude>
    <ClInclude Include="AbilityType.h">
      <Filter>Header Files</Filter>
    </ClInclude>
    <ClInclude Include="SpreadProjectile.h">
      <Filter>Header Files</Filter>
    </ClInclude>
    <ClInclude Include="NavigationGrid.h">
      <Filter>Header Files</Filter>
    </ClInclude>
    <ClInclude Include="RoomBlueprint.h">
      <Filter>Header Files</Filter>
    </ClInclude>
    <ClInclude Include="RoomCapacity.h">
      <Filter>Header Files</Filter>
    </ClInclude>
    <ClInclude Include="EliteSignature.h">
      <Filter>Header Files</Filter>
    </ClInclude>
    <ClInclude Include="EncounterPattern.h">
      <Filter>Header Files</Filter>
    </ClInclude>
    <ClInclude Include="RoomLibrary.h">
      <Filter>Header Files</Filter>
    </ClInclude>
    <ClInclude Include="RoomAssetCatalog.h">
      <Filter>Header Files</Filter>
    </ClInclude>
    <ClInclude Include="RoomEditor.h">
      <Filter>Header Files</Filter>
    </ClInclude>
    <ClInclude Include="RoomCollision.h">
      <Filter>Header Files</Filter>
    </ClInclude>
    <ClInclude Include="VFXManager.h">
      <Filter>Header Files</Filter>
    </ClInclude>
    <ClInclude Include="DamageNumberManager.h">
      <Filter>Header Files</Filter>
    </ClInclude>
    <ClInclude Include="EncounterPlanner.h">
      <Filter>Header Files</Filter>
    </ClInclude>
    <ClInclude Include="GoldPickup.h">
      <Filter>Header Files</Filter>
    </ClInclude>
    <ClInclude Include="ShopManager.h">
      <Filter>Header Files</Filter>
    </ClInclude>
    <ClInclude Include="TouchControls.h">
      <Filter>Header Files</Filter>
    </ClInclude>
    <ClInclude Include="DebugPanel.h">
      <Filter>Header Files</Filter>
    </ClInclude>
    <ClInclude Include="WorldConfig.h">
      <Filter>Header Files</Filter>
    </ClInclude>
    <ClInclude Include="AudioManager.h">
      <Filter>Header Files</Filter>
    </ClInclude>
    <ClInclude Include="CombatDirector.h">
      <Filter>Header Files</Filter>
    </ClInclude>
    <ClInclude Include="CombatEngagement.h">
      <Filter>Header Files</Filter>
    </ClInclude>
    <ClInclude Include="ReinforcementPacing.h">
      <Filter>Header Files</Filter>
    </ClInclude>
    <ClInclude Include="CombatSeparation.h">
      <Filter>Header Files</Filter>
    </ClInclude>
    <ClInclude Include="MapDirector.h">
      <Filter>Header Files</Filter>
    </ClInclude>
    <ClInclude Include="WorldMapManager.h">
      <Filter>Header Files</Filter>
    </ClInclude>
    <ClInclude Include="SettingsManager.h">
      <Filter>Header Files</Filter>
    </ClInclude>
    <ClInclude Include="VirtualCanvas.h">
      <Filter>Header Files</Filter>
    </ClInclude>
    <ClInclude Include="GameTypes.h">
      <Filter>Header Files</Filter>
    </ClInclude>
    <ClInclude Include="OverlayRenderer.h">
      <Filter>Header Files</Filter>
    </ClInclude>
    <ClInclude Include="ProjectileSystem.h">
      <Filter>Header Files</Filter>
    </ClInclude>
    <ClInclude Include="RoomDirector.h">
      <Filter>Header Files</Filter>
    </ClInclude>
    <ClInclude Include="RunStateController.h">
      <Filter>Header Files</Filter>
    </ClInclude>
    <ClInclude Include="HUDRenderer.h">
      <Filter>Header Files</Filter>
    </ClInclude>
    <ClInclude Include="CutsceneAction.h">
      <Filter>Header Files</Filter>
    </ClInclude>
    <ClInclude Include="CutsceneManager.h">
      <Filter>Header Files</Filter>
    </ClInclude>
    <ClInclude Include="DialogueBox.h">
      <Filter>Header Files</Filter>
    </ClInclude>
    <ClInclude Include="NineSliceEditor.h">
      <Filter>Header Files</Filter>
    </ClInclude>
  </ItemGroup>
  <ItemGroup>
    <None Include="keybindings.cfg" />
  </ItemGroup>
  <ItemGroup>
    <Text Include="leaderboard.txt" />
  </ItemGroup>
</Project>
